{
  "name": "link-moneyforward2binance",
  "version": "1.0.0",
  "lockfileVersion": 2,
  "requires": true,
  "packages": {
    "": {
      "name": "link-moneyforward2binance",
      "version": "1.0.0",
      "license": "ISC",
      "dependencies": {
        "@binance/connector": "^1.13.0"
      }
    },
    "node_modules/@binance/connector": {
      "version": "1.13.0",
      "resolved": "https://registry.npmjs.org/@binance/connector/-/connector-1.13.0.tgz",
      "integrity": "sha512-3b/ALCLsYIhABVNFGp3kbtRCa8jU5zI1J0Kou+LJHitc+d3pqRJ+Fgft+d9GiNxoaL8Sb1EuDz4ec00WLKGN1Q==",
      "dependencies": {
        "axios": "^0.21.4",
        "ws": "^7.5.0"
      },
      "engines": {
        "node": ">=12.22.3",
        "npm": ">=6.14.13"
      }
    },
    "node_modules/axios": {
      "version": "0.21.4",
      "resolved": "https://registry.npmjs.org/axios/-/axios-0.21.4.tgz",
      "integrity": "sha512-ut5vewkiu8jjGBdqpM44XxjuCjq9LAKeHVmoVfHVzy8eHgxxq8SbAVQNovDA8mVi05kP0Ea/n/UzcSHcTJQfNg==",
      "dependencies": {
        "follow-redirects": "^1.14.0"
      }
    },
    "node_modules/follow-redirects": {
      "version": "1.15.1",
      "resolved": "https://registry.npmjs.org/follow-redirects/-/follow-redirects-1.15.1.tgz",
      "integrity": "sha512-yLAMQs+k0b2m7cVxpS1VKJVvoz7SS9Td1zss3XRwXj+ZDH00RJgnuLx7E44wx02kQLrdM3aOOy+FpzS7+8OizA==",
      "funding": [
        {
          "type": "individual",
          "url": "https://github.com/sponsors/RubenVerborgh"
        }
      ],
      "engines": {
        "node": ">=4.0"
      },
      "peerDependenciesMeta": {
        "debug": {
          "optional": true
        }
      }
    },
    "node_modules/ws": {
      "version": "7.5.9",
      "resolved": "https://registry.npmjs.org/ws/-/ws-7.5.9.tgz",
      "integrity": "sha512-F+P9Jil7UiSKSkppIiD94dN07AwvFixvLIj1Og1Rl9GGMuNipJnV9JzjD6XuqmAeiswGvUmNLjr5cFuXwNS77Q==",
      "engines": {
        "node": ">=8.3.0"
      },
      "peerDependencies": {
        "bufferutil": "^4.0.1",
        "utf-8-validate": "^5.0.2"
      },
      "peerDependenciesMeta": {
        "bufferutil": {
          "optional": true
        },
        "utf-8-validate": {
          "optional": true
        }
      }
    }
  },
  "dependencies": {
    "@binance/connector": {
      "version": "1.13.0",
      "resolved": "https://registry.npmjs.org/@binance/connector/-/connector-1.13.0.tgz",
      "integrity": "sha512-3b/ALCLsYIhABVNFGp3kbtRCa8jU5zI1J0Kou+LJHitc+d3pqRJ+Fgft+d9GiNxoaL8Sb1EuDz4ec00WLKGN1Q==",
      "requires": {
        "axios": "^0.21.4",
        "ws": "^7.5.0"
      }
    },
    "axios": {
      "version": "0.21.4",
      "resolved": "https://registry.npmjs.org/axios/-/axios-0.21.4.tgz",
      "integrity": "sha512-ut5vewkiu8jjGBdqpM44XxjuCjq9LAKeHVmoVfHVzy8eHgxxq8SbAVQNovDA8mVi05kP0Ea/n/UzcSHcTJQfNg==",
      "requires": {
        "follow-redirects": "^1.14.0"
      }
    },
    "follow-redirects": {
      "version": "1.15.1",
      "resolved": "https://registry.npmjs.org/follow-redirects/-/follow-redirects-1.15.1.tgz",
      "integrity": "sha512-yLAMQs+k0b2m7cVxpS1VKJVvoz7SS9Td1zss3XRwXj+ZDH00RJgnuLx7E44wx02kQLrdM3aOOy+FpzS7+8OizA=="
    },
    "ws": {
      "version": "7.5.9",
      "resolved": "https://registry.npmjs.org/ws/-/ws-7.5.9.tgz",
      "integrity": "sha512-F+P9Jil7UiSKSkppIiD94dN07AwvFixvLIj1Og1Rl9GGMuNipJnV9JzjD6XuqmAeiswGvUmNLjr5cFuXwNS77Q==",
      "requires": {}
    }
  }
}
